
Microsoft Visual Studio Solution File, Format Version 12.00
# Visual Studio Version 16
VisualStudioVersion = 16.0.34729.46
MinimumVisualStudioVersion = 10.0.40219.1
Project("{FAE04EC0-301F-11D3-BF4B-00C04F79EFBC}") = "ArrayListExample", "ArrayListExample.csproj", "{63BA8F71-8C60-4227-94E0-31DE5B4094AD}"
EndProject
Global
	GlobalSection(SolutionConfigurationPlatforms) = preSolution
		Debug|Any CPU = Debug|Any CPU
		Release|Any CPU = Release|Any CPU
	EndGlobalSection
	GlobalSection(ProjectConfigurationPlatforms) = postSolution
		{63BA8F71-8C60-4227-94E0-31DE5B4094AD}.Debug|Any CPU.ActiveCfg = Debug|Any CPU
		{63BA8F71-8C60-4227-94E0-31DE5B4094AD}.Debug|Any CPU.Build.0 = Debug|Any CPU
		{63BA8F71-8C60-4227-94E0-31DE5B4094AD}.Release|Any CPU.ActiveCfg = Release|Any CPU
		{63BA8F71-8C60-4227-94E0-31DE5B4094AD}.Release|Any CPU.Build.0 = Release|Any CPU
	EndGlobalSection
	GlobalSection(SolutionProperties) = preSolution
		HideSolutionNode = FALSE
	EndGlobalSection
	GlobalSection(ExtensibilityGlobals) = postSolution
		SolutionGuid = {493285C1-11FC-4D05-922D-95F8C08639CF}
	EndGlobalSection
EndGlobal
