
Microsoft Visual Studio Solution File, Format Version 12.00
# Visual Studio Version 16
VisualStudioVersion = 16.0.34729.46
MinimumVisualStudioVersion = 10.0.40219.1
Project("{FAE04EC0-301F-11D3-BF4B-00C04F79EFBC}") = "QueueExample", "QueueExample.csproj", "{FA9C4361-D1C3-4CE3-8FE4-1F3872202773}"
EndProject
Global
	GlobalSection(SolutionConfigurationPlatforms) = preSolution
		Debug|Any CPU = Debug|Any CPU
		Release|Any CPU = Release|Any CPU
	EndGlobalSection
	GlobalSection(ProjectConfigurationPlatforms) = postSolution
		{FA9C4361-D1C3-4CE3-8FE4-1F3872202773}.Debug|Any CPU.ActiveCfg = Debug|Any CPU
		{FA9C4361-D1C3-4CE3-8FE4-1F3872202773}.Debug|Any CPU.Build.0 = Debug|Any CPU
		{FA9C4361-D1C3-4CE3-8FE4-1F3872202773}.Release|Any CPU.ActiveCfg = Release|Any CPU
		{FA9C4361-D1C3-4CE3-8FE4-1F3872202773}.Release|Any CPU.Build.0 = Release|Any CPU
	EndGlobalSection
	GlobalSection(SolutionProperties) = preSolution
		HideSolutionNode = FALSE
	EndGlobalSection
	GlobalSection(ExtensibilityGlobals) = postSolution
		SolutionGuid = {D0B7D34F-AD1D-4D9B-866F-7B298C01478B}
	EndGlobalSection
EndGlobal
